
Microsoft Visual Studio Solution File, Format Version 12.00
# Visual Studio Version 17
VisualStudioVersion = 17.5.33627.172
MinimumVisualStudioVersion = 10.0.40219.1
Project("{FAE04EC0-301F-11D3-BF4B-00C04F79EFBC}") = "WindowsFormsApp1", "WindowsFormsApp1\WindowsFormsApp1.csproj", "{CC191AA2-6277-4F68-8D68-C519017A84FA}"
EndProject
Global
	GlobalSection(SolutionConfigurationPlatforms) = preSolution
		Debug|Any CPU = Debug|Any CPU
		Release|Any CPU = Release|Any CPU
	EndGlobalSection
	GlobalSection(ProjectConfigurationPlatforms) = postSolution
		{CC191AA2-6277-4F68-8D68-C519017A84FA}.Debug|Any CPU.ActiveCfg = Debug|Any CPU
		{CC191AA2-6277-4F68-8D68-C519017A84FA}.Debug|Any CPU.Build.0 = Debug|Any CPU
		{CC191AA2-6277-4F68-8D68-C519017A84FA}.Release|Any CPU.ActiveCfg = Release|Any CPU
		{CC191AA2-6277-4F68-8D68-C519017A84FA}.Release|Any CPU.Build.0 = Release|Any CPU
	EndGlobalSection
	GlobalSection(SolutionProperties) = preSolution
		HideSolutionNode = FALSE
	EndGlobalSection
	GlobalSection(ExtensibilityGlobals) = postSolution
		SolutionGuid = {D8D4632F-CBEA-446E-8482-2C016DD3D012}
	EndGlobalSection
EndGlobal
